{
  "lockfileVersion": 1,
  "workspaces": {
    "": {
      "name": "data-exporter",
      "dependencies": {
        "@types/nodemailer": "^7.0.1",
        "export-to-csv": "^1.4.0",
        "nodemailer": "^7.0.6",
      },
      "devDependencies": {
        "@types/bun": "^1.2.21",
      },
      "peerDependencies": {
        "typescript": "^5",
      },
    },
  },
  "packages": {
    "@aws-crypto/sha256-browser": ["@aws-crypto/sha256-browser@5.2.0", "", { "dependencies": { "@aws-crypto/sha256-js": "^5.2.0", "@aws-crypto/supports-web-crypto": "^5.2.0", "@aws-crypto/util": "^5.2.0", "@aws-sdk/types": "^3.222.0", "@aws-sdk/util-locate-window": "^3.0.0", "@smithy/util-utf8": "^2.0.0", "tslib": "^2.6.2" } }, "sha512-AXfN/lGotSQwu6HNcEsIASo7kWXZ5HYWvfOmSNKDsEqC4OashTp8alTmaz+F7TC2L083SFv5RdB+qU3Vs1kZqw=="],

    "@aws-crypto/sha256-js": ["@aws-crypto/sha256-js@5.2.0", "", { "dependencies": { "@aws-crypto/util": "^5.2.0", "@aws-sdk/types": "^3.222.0", "tslib": "^2.6.2" } }, "sha512-FFQQyu7edu4ufvIZ+OadFpHHOt+eSTBaYaki44c+akjg7qZg9oOQeLlk77F6tSYqjDAFClrHJk9tMf0HdVyOvA=="],

    "@aws-crypto/supports-web-crypto": ["@aws-crypto/supports-web-crypto@5.2.0", "", { "dependencies": { "tslib": "^2.6.2" } }, "sha512-iAvUotm021kM33eCdNfwIN//F77/IADDSs58i+MDaOqFrVjZo9bAal0NK7HurRuWLLpF1iLX7gbWrjHjeo+YFg=="],

    "@aws-crypto/util": ["@aws-crypto/util@5.2.0", "", { "dependencies": { "@aws-sdk/types": "^3.222.0", "@smithy/util-utf8": "^2.0.0", "tslib": "^2.6.2" } }, "sha512-4RkU9EsI6ZpBve5fseQlGNUWKMa1RLPQ1dnjnQoe07ldfIzcsGb5hC5W0Dm7u423KWzawlrpbjXBrXCEv9zazQ=="],

    "@aws-sdk/client-sesv2": ["@aws-sdk/client-sesv2@3.883.0", "", { "dependencies": { "@aws-crypto/sha256-browser": "5.2.0", "@aws-crypto/sha256-js": "5.2.0", "@aws-sdk/core": "3.883.0", "@aws-sdk/credential-provider-node": "3.883.0", "@aws-sdk/middleware-host-header": "3.873.0", "@aws-sdk/middleware-logger": "3.876.0", "@aws-sdk/middleware-recursion-detection": "3.873.0", "@aws-sdk/middleware-user-agent": "3.883.0", "@aws-sdk/region-config-resolver": "3.873.0", "@aws-sdk/signature-v4-multi-region": "3.883.0", "@aws-sdk/types": "3.862.0", "@aws-sdk/util-endpoints": "3.879.0", "@aws-sdk/util-user-agent-browser": "3.873.0", "@aws-sdk/util-user-agent-node": "3.883.0", "@smithy/config-resolver": "^4.1.5", "@smithy/core": "^3.9.2", "@smithy/fetch-http-handler": "^5.1.1", "@smithy/hash-node": "^4.0.5", "@smithy/invalid-dependency": "^4.0.5", "@smithy/middleware-content-length": "^4.0.5", "@smithy/middleware-endpoint": "^4.1.21", "@smithy/middleware-retry": "^4.1.22", "@smithy/middleware-serde": "^4.0.9", "@smithy/middleware-stack": "^4.0.5", "@smithy/node-config-provider": "^4.1.4", "@smithy/node-http-handler": "^4.1.1", "@smithy/protocol-http": "^5.1.3", "@smithy/smithy-client": "^4.5.2", "@smithy/types": "^4.3.2", "@smithy/url-parser": "^4.0.5", "@smithy/util-base64": "^4.0.0", "@smithy/util-body-length-browser": "^4.0.0", "@smithy/util-body-length-node": "^4.0.0", "@smithy/util-defaults-mode-browser": "^4.0.29", "@smithy/util-defaults-mode-node": "^4.0.29", "@smithy/util-endpoints": "^3.0.7", "@smithy/util-middleware": "^4.0.5", "@smithy/util-retry": "^4.0.7", "@smithy/util-utf8": "^4.0.0", "tslib": "^2.6.2" } }, "sha512-3HVaYgOTk0WCGUKN26yb1OGMl7VIP5w+fjm5SKDupbP179KoFaG7UfzDspFrulYadIN+rOjAPIgNY9p128yAKQ=="],

    "@aws-sdk/client-sso": ["@aws-sdk/client-sso@3.883.0", "", { "dependencies": { "@aws-crypto/sha256-browser": "5.2.0", "@aws-crypto/sha256-js": "5.2.0", "@aws-sdk/core": "3.883.0", "@aws-sdk/middleware-host-header": "3.873.0", "@aws-sdk/middleware-logger": "3.876.0", "@aws-sdk/middleware-recursion-detection": "3.873.0", "@aws-sdk/middleware-user-agent": "3.883.0", "@aws-sdk/region-config-resolver": "3.873.0", "@aws-sdk/types": "3.862.0", "@aws-sdk/util-endpoints": "3.879.0", "@aws-sdk/util-user-agent-browser": "3.873.0", "@aws-sdk/util-user-agent-node": "3.883.0", "@smithy/config-resolver": "^4.1.5", "@smithy/core": "^3.9.2", "@smithy/fetch-http-handler": "^5.1.1", "@smithy/hash-node": "^4.0.5", "@smithy/invalid-dependency": "^4.0.5", "@smithy/middleware-content-length": "^4.0.5", "@smithy/middleware-endpoint": "^4.1.21", "@smithy/middleware-retry": "^4.1.22", "@smithy/middleware-serde": "^4.0.9", "@smithy/middleware-stack": "^4.0.5", "@smithy/node-config-provider": "^4.1.4", "@smithy/node-http-handler": "^4.1.1", "@smithy/protocol-http": "^5.1.3", "@smithy/smithy-client": "^4.5.2", "@smithy/types": "^4.3.2", "@smithy/url-parser": "^4.0.5", "@smithy/util-base64": "^4.0.0", "@smithy/util-body-length-browser": "^4.0.0", "@smithy/util-body-length-node": "^4.0.0", "@smithy/util-defaults-mode-browser": "^4.0.29", "@smithy/util-defaults-mode-node": "^4.0.29", "@smithy/util-endpoints": "^3.0.7", "@smithy/util-middleware": "^4.0.5", "@smithy/util-retry": "^4.0.7", "@smithy/util-utf8": "^4.0.0", "tslib": "^2.6.2" } }, "sha512-Ybjw76yPceEBO7+VLjy5+/Gr0A1UNymSDHda5w8tfsS2iHZt/vuD6wrYpHdLoUx4H5la8ZhwcSfK/+kmE+QLPw=="],

    "@aws-sdk/core": ["@aws-sdk/core@3.883.0", "", { "dependencies": { "@aws-sdk/types": "3.862.0", "@aws-sdk/xml-builder": "3.873.0", "@smithy/core": "^3.9.2", "@smithy/node-config-provider": "^4.1.4", "@smithy/property-provider": "^4.0.5", "@smithy/protocol-http": "^5.1.3", "@smithy/signature-v4": "^5.1.3", "@smithy/smithy-client": "^4.5.2", "@smithy/types": "^4.3.2", "@smithy/util-base64": "^4.0.0", "@smithy/util-body-length-browser": "^4.0.0", "@smithy/util-middleware": "^4.0.5", "@smithy/util-utf8": "^4.0.0", "fast-xml-parser": "5.2.5", "tslib": "^2.6.2" } }, "sha512-FmkqnqBLkXi4YsBPbF6vzPa0m4XKUuvgKDbamfw4DZX2CzfBZH6UU4IwmjNV3ZM38m0xraHarK8KIbGSadN3wg=="],

    "@aws-sdk/credential-provider-env": ["@aws-sdk/credential-provider-env@3.883.0", "", { "dependencies": { "@aws-sdk/core": "3.883.0", "@aws-sdk/types": "3.862.0", "@smithy/property-provider": "^4.0.5", "@smithy/types": "^4.3.2", "tslib": "^2.6.2" } }, "sha512-Z6tPBXPCodfhIF1rvQKoeRGMkwL6TK0xdl1UoMIA1x4AfBpPICAF77JkFBExk/pdiFYq1d04Qzddd/IiujSlLg=="],

    "@aws-sdk/credential-provider-http": ["@aws-sdk/credential-provider-http@3.883.0", "", { "dependencies": { "@aws-sdk/core": "3.883.0", "@aws-sdk/types": "3.862.0", "@smithy/fetch-http-handler": "^5.1.1", "@smithy/node-http-handler": "^4.1.1", "@smithy/property-provider": "^4.0.5", "@smithy/protocol-http": "^5.1.3", "@smithy/smithy-client": "^4.5.2", "@smithy/types": "^4.3.2", "@smithy/util-stream": "^4.2.4", "tslib": "^2.6.2" } }, "sha512-P589ug1lMOOEYLTaQJjSP+Gee34za8Kk2LfteNQfO9SpByHFgGj++Sg8VyIe30eZL8Q+i4qTt24WDCz1c+dgYg=="],

    "@aws-sdk/credential-provider-ini": ["@aws-sdk/credential-provider-ini@3.883.0", "", { "dependencies": { "@aws-sdk/core": "3.883.0", "@aws-sdk/credential-provider-env": "3.883.0", "@aws-sdk/credential-provider-http": "3.883.0", "@aws-sdk/credential-provider-process": "3.883.0", "@aws-sdk/credential-provider-sso": "3.883.0", "@aws-sdk/credential-provider-web-identity": "3.883.0", "@aws-sdk/nested-clients": "3.883.0", "@aws-sdk/types": "3.862.0", "@smithy/credential-provider-imds": "^4.0.7", "@smithy/property-provider": "^4.0.5", "@smithy/shared-ini-file-loader": "^4.0.5", "@smithy/types": "^4.3.2", "tslib": "^2.6.2" } }, "sha512-n6z9HTzuDEdugXvPiE/95VJXbF4/gBffdV/SRHDJKtDHaRuvp/gggbfmfVSTFouGVnlKPb2pQWQsW3Nr/Y3Lrw=="],

    "@aws-sdk/credential-provider-node": ["@aws-sdk/credential-provider-node@3.883.0", "", { "dependencies": { "@aws-sdk/credential-provider-env": "3.883.0", "@aws-sdk/credential-provider-http": "3.883.0", "@aws-sdk/credential-provider-ini": "3.883.0", "@aws-sdk/credential-provider-process": "3.883.0", "@aws-sdk/credential-provider-sso": "3.883.0", "@aws-sdk/credential-provider-web-identity": "3.883.0", "@aws-sdk/types": "3.862.0", "@smithy/credential-provider-imds": "^4.0.7", "@smithy/property-provider": "^4.0.5", "@smithy/shared-ini-file-loader": "^4.0.5", "@smithy/types": "^4.3.2", "tslib": "^2.6.2" } }, "sha512-QIUhsatsrwfB9ZsKpmi0EySSfexVP61wgN7hr493DOileh2QsKW4XATEfsWNmx0dj9323Vg1Mix7bXtRfl9cGg=="],

    "@aws-sdk/credential-provider-process": ["@aws-sdk/credential-provider-process@3.883.0", "", { "dependencies": { "@aws-sdk/core": "3.883.0", "@aws-sdk/types": "3.862.0", "@smithy/property-provider": "^4.0.5", "@smithy/shared-ini-file-loader": "^4.0.5", "@smithy/types": "^4.3.2", "tslib": "^2.6.2" } }, "sha512-m1shbHY/Vppy4EdddG9r8x64TO/9FsCjokp5HbKcZvVoTOTgUJrdT8q2TAQJ89+zYIJDqsKbqfrmfwJ1zOdnGQ=="],

    "@aws-sdk/credential-provider-sso": ["@aws-sdk/credential-provider-sso@3.883.0", "", { "dependencies": { "@aws-sdk/client-sso": "3.883.0", "@aws-sdk/core": "3.883.0", "@aws-sdk/token-providers": "3.883.0", "@aws-sdk/types": "3.862.0", "@smithy/property-provider": "^4.0.5", "@smithy/shared-ini-file-loader": "^4.0.5", "@smithy/types": "^4.3.2", "tslib": "^2.6.2" } }, "sha512-37ve9Tult08HLXrJFHJM/sGB/vO7wzI6v1RUUfeTiShqx8ZQ5fTzCTNY/duO96jCtCexmFNSycpQzh7lDIf0aA=="],

    "@aws-sdk/credential-provider-web-identity": ["@aws-sdk/credential-provider-web-identity@3.883.0", "", { "dependencies": { "@aws-sdk/core": "3.883.0", "@aws-sdk/nested-clients": "3.883.0", "@aws-sdk/types": "3.862.0", "@smithy/property-provider": "^4.0.5", "@smithy/types": "^4.3.2", "tslib": "^2.6.2" } }, "sha512-SL82K9Jb0vpuTadqTO4Fpdu7SKtebZ3Yo4LZvk/U0UauVMlJj5ZTos0mFx1QSMB9/4TpqifYrSZcdnxgYg8Eqw=="],

    "@aws-sdk/middleware-host-header": ["@aws-sdk/middleware-host-header@3.873.0", "", { "dependencies": { "@aws-sdk/types": "3.862.0", "@smithy/protocol-http": "^5.1.3", "@smithy/types": "^4.3.2", "tslib": "^2.6.2" } }, "sha512-KZ/W1uruWtMOs7D5j3KquOxzCnV79KQW9MjJFZM/M0l6KI8J6V3718MXxFHsTjUE4fpdV6SeCNLV1lwGygsjJA=="],

    "@aws-sdk/middleware-logger": ["@aws-sdk/middleware-logger@3.876.0", "", { "dependencies": { "@aws-sdk/types": "3.862.0", "@smithy/types": "^4.3.2", "tslib": "^2.6.2" } }, "sha512-cpWJhOuMSyz9oV25Z/CMHCBTgafDCbv7fHR80nlRrPdPZ8ETNsahwRgltXP1QJJ8r3X/c1kwpOR7tc+RabVzNA=="],

    "@aws-sdk/middleware-recursion-detection": ["@aws-sdk/middleware-recursion-detection@3.873.0", "", { "dependencies": { "@aws-sdk/types": "3.862.0", "@smithy/protocol-http": "^5.1.3", "@smithy/types": "^4.3.2", "tslib": "^2.6.2" } }, "sha512-OtgY8EXOzRdEWR//WfPkA/fXl0+WwE8hq0y9iw2caNyKPtca85dzrrZWnPqyBK/cpImosrpR1iKMYr41XshsCg=="],

    "@aws-sdk/middleware-sdk-s3": ["@aws-sdk/middleware-sdk-s3@3.883.0", "", { "dependencies": { "@aws-sdk/core": "3.883.0", "@aws-sdk/types": "3.862.0", "@aws-sdk/util-arn-parser": "3.873.0", "@smithy/core": "^3.9.2", "@smithy/node-config-provider": "^4.1.4", "@smithy/protocol-http": "^5.1.3", "@smithy/signature-v4": "^5.1.3", "@smithy/smithy-client": "^4.5.2", "@smithy/types": "^4.3.2", "@smithy/util-config-provider": "^4.0.0", "@smithy/util-middleware": "^4.0.5", "@smithy/util-stream": "^4.2.4", "@smithy/util-utf8": "^4.0.0", "tslib": "^2.6.2" } }, "sha512-i4sGOj9xhSN6/LkYj3AJ2SRWENnpN9JySwNqIoRqO1Uon8gfyNLJd1yV+s43vXQsU5wbKWVXK8l9SRo+vNTQwg=="],

    "@aws-sdk/middleware-user-agent": ["@aws-sdk/middleware-user-agent@3.883.0", "", { "dependencies": { "@aws-sdk/core": "3.883.0", "@aws-sdk/types": "3.862.0", "@aws-sdk/util-endpoints": "3.879.0", "@smithy/core": "^3.9.2", "@smithy/protocol-http": "^5.1.3", "@smithy/types": "^4.3.2", "tslib": "^2.6.2" } }, "sha512-q58uLYnGLg7hsnWpdj7Cd1Ulsq1/PUJOHvAfgcBuiDE/+Fwh0DZxZZyjrU+Cr+dbeowIdUaOO8BEDDJ0CUenJw=="],

    "@aws-sdk/nested-clients": ["@aws-sdk/nested-clients@3.883.0", "", { "dependencies": { "@aws-crypto/sha256-browser": "5.2.0", "@aws-crypto/sha256-js": "5.2.0", "@aws-sdk/core": "3.883.0", "@aws-sdk/middleware-host-header": "3.873.0", "@aws-sdk/middleware-logger": "3.876.0", "@aws-sdk/middleware-recursion-detection": "3.873.0", "@aws-sdk/middleware-user-agent": "3.883.0", "@aws-sdk/region-config-resolver": "3.873.0", "@aws-sdk/types": "3.862.0", "@aws-sdk/util-endpoints": "3.879.0", "@aws-sdk/util-user-agent-browser": "3.873.0", "@aws-sdk/util-user-agent-node": "3.883.0", "@smithy/config-resolver": "^4.1.5", "@smithy/core": "^3.9.2", "@smithy/fetch-http-handler": "^5.1.1", "@smithy/hash-node": "^4.0.5", "@smithy/invalid-dependency": "^4.0.5", "@smithy/middleware-content-length": "^4.0.5", "@smithy/middleware-endpoint": "^4.1.21", "@smithy/middleware-retry": "^4.1.22", "@smithy/middleware-serde": "^4.0.9", "@smithy/middleware-stack": "^4.0.5", "@smithy/node-config-provider": "^4.1.4", "@smithy/node-http-handler": "^4.1.1", "@smithy/protocol-http": "^5.1.3", "@smithy/smithy-client": "^4.5.2", "@smithy/types": "^4.3.2", "@smithy/url-parser": "^4.0.5", "@smithy/util-base64": "^4.0.0", "@smithy/util-body-length-browser": "^4.0.0", "@smithy/util-body-length-node": "^4.0.0", "@smithy/util-defaults-mode-browser": "^4.0.29", "@smithy/util-defaults-mode-node": "^4.0.29", "@smithy/util-endpoints": "^3.0.7", "@smithy/util-middleware": "^4.0.5", "@smithy/util-retry": "^4.0.7", "@smithy/util-utf8": "^4.0.0", "tslib": "^2.6.2" } }, "sha512-IhzDM+v0ga53GOOrZ9jmGNr7JU5OR6h6ZK9NgB7GXaa+gsDbqfUuXRwyKDYXldrTXf1sUR3vy1okWDXA7S2ejQ=="],

    "@aws-sdk/region-config-resolver": ["@aws-sdk/region-config-resolver@3.873.0", "", { "dependencies": { "@aws-sdk/types": "3.862.0", "@smithy/node-config-provider": "^4.1.4", "@smithy/types": "^4.3.2", "@smithy/util-config-provider": "^4.0.0", "@smithy/util-middleware": "^4.0.5", "tslib": "^2.6.2" } }, "sha512-q9sPoef+BBG6PJnc4x60vK/bfVwvRWsPgcoQyIra057S/QGjq5VkjvNk6H8xedf6vnKlXNBwq9BaANBXnldUJg=="],

    "@aws-sdk/signature-v4-multi-region": ["@aws-sdk/signature-v4-multi-region@3.883.0", "", { "dependencies": { "@aws-sdk/middleware-sdk-s3": "3.883.0", "@aws-sdk/types": "3.862.0", "@smithy/protocol-http": "^5.1.3", "@smithy/signature-v4": "^5.1.3", "@smithy/types": "^4.3.2", "tslib": "^2.6.2" } }, "sha512-86PO7+xhuQ48cD3xlZgEpRxVP1lBarWAJy23sB6zZLHgZSbnYXYjRFuyxX4PlFzqllM3PDKJvq3WnXeqSXeNsg=="],

    "@aws-sdk/token-providers": ["@aws-sdk/token-providers@3.883.0", "", { "dependencies": { "@aws-sdk/core": "3.883.0", "@aws-sdk/nested-clients": "3.883.0", "@aws-sdk/types": "3.862.0", "@smithy/property-provider": "^4.0.5", "@smithy/shared-ini-file-loader": "^4.0.5", "@smithy/types": "^4.3.2", "tslib": "^2.6.2" } }, "sha512-tcj/Z5paGn9esxhmmkEW7gt39uNoIRbXG1UwJrfKu4zcTr89h86PDiIE2nxUO3CMQf1KgncPpr5WouPGzkh/QQ=="],

    "@aws-sdk/types": ["@aws-sdk/types@3.862.0", "", { "dependencies": { "@smithy/types": "^4.3.2", "tslib": "^2.6.2" } }, "sha512-Bei+RL0cDxxV+lW2UezLbCYYNeJm6Nzee0TpW0FfyTRBhH9C1XQh4+x+IClriXvgBnRquTMMYsmJfvx8iyLKrg=="],

    "@aws-sdk/util-arn-parser": ["@aws-sdk/util-arn-parser@3.873.0", "", { "dependencies": { "tslib": "^2.6.2" } }, "sha512-qag+VTqnJWDn8zTAXX4wiVioa0hZDQMtbZcGRERVnLar4/3/VIKBhxX2XibNQXFu1ufgcRn4YntT/XEPecFWcg=="],

    "@aws-sdk/util-endpoints": ["@aws-sdk/util-endpoints@3.879.0", "", { "dependencies": { "@aws-sdk/types": "3.862.0", "@smithy/types": "^4.3.2", "@smithy/url-parser": "^4.0.5", "@smithy/util-endpoints": "^3.0.7", "tslib": "^2.6.2" } }, "sha512-aVAJwGecYoEmbEFju3127TyJDF9qJsKDUUTRMDuS8tGn+QiWQFnfInmbt+el9GU1gEJupNTXV+E3e74y51fb7A=="],

    "@aws-sdk/util-locate-window": ["@aws-sdk/util-locate-window@3.873.0", "", { "dependencies": { "tslib": "^2.6.2" } }, "sha512-xcVhZF6svjM5Rj89T1WzkjQmrTF6dpR2UvIHPMTnSZoNe6CixejPZ6f0JJ2kAhO8H+dUHwNBlsUgOTIKiK/Syg=="],

    "@aws-sdk/util-user-agent-browser": ["@aws-sdk/util-user-agent-browser@3.873.0", "", { "dependencies": { "@aws-sdk/types": "3.862.0", "@smithy/types": "^4.3.2", "bowser": "^2.11.0", "tslib": "^2.6.2" } }, "sha512-AcRdbK6o19yehEcywI43blIBhOCSo6UgyWcuOJX5CFF8k39xm1ILCjQlRRjchLAxWrm0lU0Q7XV90RiMMFMZtA=="],

    "@aws-sdk/util-user-agent-node": ["@aws-sdk/util-user-agent-node@3.883.0", "", { "dependencies": { "@aws-sdk/middleware-user-agent": "3.883.0", "@aws-sdk/types": "3.862.0", "@smithy/node-config-provider": "^4.1.4", "@smithy/types": "^4.3.2", "tslib": "^2.6.2" }, "peerDependencies": { "aws-crt": ">=1.0.0" }, "optionalPeers": ["aws-crt"] }, "sha512-28cQZqC+wsKUHGpTBr+afoIdjS6IoEJkMqcZsmo2Ag8LzmTa6BUWQenFYB0/9BmDy4PZFPUn+uX+rJgWKB+jzA=="],

    "@aws-sdk/xml-builder": ["@aws-sdk/xml-builder@3.873.0", "", { "dependencies": { "@smithy/types": "^4.3.2", "tslib": "^2.6.2" } }, "sha512-kLO7k7cGJ6KaHiExSJWojZurF7SnGMDHXRuQunFnEoD0n1yB6Lqy/S/zHiQ7oJnBhPr9q0TW9qFkrsZb1Uc54w=="],

    "@smithy/abort-controller": ["@smithy/abort-controller@4.1.0", "", { "dependencies": { "@smithy/types": "^4.4.0", "tslib": "^2.6.2" } }, "sha512-wEhSYznxOmx7EdwK1tYEWJF5+/wmSFsff9BfTOn8oO/+KPl3gsmThrb6MJlWbOC391+Ya31s5JuHiC2RlT80Zg=="],

    "@smithy/config-resolver": ["@smithy/config-resolver@4.2.0", "", { "dependencies": { "@smithy/node-config-provider": "^4.2.0", "@smithy/types": "^4.4.0", "@smithy/util-config-provider": "^4.1.0", "@smithy/util-middleware": "^4.1.0", "tslib": "^2.6.2" } }, "sha512-FA10YhPFLy23uxeWu7pOM2ctlw+gzbPMTZQwrZ8FRIfyJ/p8YIVz7AVTB5jjLD+QIerydyKcVMZur8qzzDILAQ=="],

    "@smithy/core": ["@smithy/core@3.10.0", "", { "dependencies": { "@smithy/middleware-serde": "^4.1.0", "@smithy/protocol-http": "^5.2.0", "@smithy/types": "^4.4.0", "@smithy/util-base64": "^4.1.0", "@smithy/util-body-length-browser": "^4.1.0", "@smithy/util-middleware": "^4.1.0", "@smithy/util-stream": "^4.3.0", "@smithy/util-utf8": "^4.1.0", "@types/uuid": "^9.0.1", "tslib": "^2.6.2", "uuid": "^9.0.1" } }, "sha512-bXyD3Ij6b1qDymEYlEcF+QIjwb9gObwZNaRjETJsUEvSIzxFdynSQ3E4ysY7lUFSBzeWBNaFvX+5A0smbC2q6A=="],

    "@smithy/credential-provider-imds": ["@smithy/credential-provider-imds@4.1.0", "", { "dependencies": { "@smithy/node-config-provider": "^4.2.0", "@smithy/property-provider": "^4.1.0", "@smithy/types": "^4.4.0", "@smithy/url-parser": "^4.1.0", "tslib": "^2.6.2" } }, "sha512-iVwNhxTsCQTPdp++4C/d9xvaDmuEWhXi55qJobMp9QMaEHRGH3kErU4F8gohtdsawRqnUy/ANylCjKuhcR2mPw=="],

    "@smithy/fetch-http-handler": ["@smithy/fetch-http-handler@5.2.0", "", { "dependencies": { "@smithy/protocol-http": "^5.2.0", "@smithy/querystring-builder": "^4.1.0", "@smithy/types": "^4.4.0", "@smithy/util-base64": "^4.1.0", "tslib": "^2.6.2" } }, "sha512-VZenjDdVaUGiy3hwQtxm75nhXZrhFG+3xyL93qCQAlYDyhT/jeDWM8/3r5uCFMlTmmyrIjiDyiOynVFchb0BSg=="],

    "@smithy/hash-node": ["@smithy/hash-node@4.1.0", "", { "dependencies": { "@smithy/types": "^4.4.0", "@smithy/util-buffer-from": "^4.1.0", "@smithy/util-utf8": "^4.1.0", "tslib": "^2.6.2" } }, "sha512-mXkJQ/6lAXTuoSsEH+d/fHa4ms4qV5LqYoPLYhmhCRTNcMMdg+4Ya8cMgU1W8+OR40eX0kzsExT7fAILqtTl2w=="],

    "@smithy/invalid-dependency": ["@smithy/invalid-dependency@4.1.0", "", { "dependencies": { "@smithy/types": "^4.4.0", "tslib": "^2.6.2" } }, "sha512-4/FcV6aCMzgpM4YyA/GRzTtG28G0RQJcWK722MmpIgzOyfSceWcI9T9c8matpHU9qYYLaWtk8pSGNCLn5kzDRw=="],

    "@smithy/is-array-buffer": ["@smithy/is-array-buffer@4.1.0", "", { "dependencies": { "tslib": "^2.6.2" } }, "sha512-ePTYUOV54wMogio+he4pBybe8fwg4sDvEVDBU8ZlHOZXbXK3/C0XfJgUCu6qAZcawv05ZhZzODGUerFBPsPUDQ=="],

    "@smithy/middleware-content-length": ["@smithy/middleware-content-length@4.1.0", "", { "dependencies": { "@smithy/protocol-http": "^5.2.0", "@smithy/types": "^4.4.0", "tslib": "^2.6.2" } }, "sha512-x3dgLFubk/ClKVniJu+ELeZGk4mq7Iv0HgCRUlxNUIcerHTLVmq7Q5eGJL0tOnUltY6KFw5YOKaYxwdcMwox/w=="],

    "@smithy/middleware-endpoint": ["@smithy/middleware-endpoint@4.2.0", "", { "dependencies": { "@smithy/core": "^3.10.0", "@smithy/middleware-serde": "^4.1.0", "@smithy/node-config-provider": "^4.2.0", "@smithy/shared-ini-file-loader": "^4.1.0", "@smithy/types": "^4.4.0", "@smithy/url-parser": "^4.1.0", "@smithy/util-middleware": "^4.1.0", "tslib": "^2.6.2" } }, "sha512-J1eCF7pPDwgv7fGwRd2+Y+H9hlIolF3OZ2PjptonzzyOXXGh/1KGJAHpEcY1EX+WLlclKu2yC5k+9jWXdUG4YQ=="],

    "@smithy/middleware-retry": ["@smithy/middleware-retry@4.2.0", "", { "dependencies": { "@smithy/node-config-provider": "^4.2.0", "@smithy/protocol-http": "^5.2.0", "@smithy/service-error-classification": "^4.1.0", "@smithy/smithy-client": "^4.6.0", "@smithy/types": "^4.4.0", "@smithy/util-middleware": "^4.1.0", "@smithy/util-retry": "^4.1.0", "@types/uuid": "^9.0.1", "tslib": "^2.6.2", "uuid": "^9.0.1" } }, "sha512-raL5oWYf5ALl3jCJrajE8enKJEnV/2wZkKS6mb3ZRY2tg3nj66ssdWy5Ps8E6Yu8Wqh3Tt+Sb9LozjvwZupq+A=="],

    "@smithy/middleware-serde": ["@smithy/middleware-serde@4.1.0", "", { "dependencies": { "@smithy/protocol-http": "^5.2.0", "@smithy/types": "^4.4.0", "tslib": "^2.6.2" } }, "sha512-CtLFYlHt7c2VcztyVRc+25JLV4aGpmaSv9F1sPB0AGFL6S+RPythkqpGDa2XBQLJQooKkjLA1g7Xe4450knShg=="],

    "@smithy/middleware-stack": ["@smithy/middleware-stack@4.1.0", "", { "dependencies": { "@smithy/types": "^4.4.0", "tslib": "^2.6.2" } }, "sha512-91Fuw4IKp0eK8PNhMXrHRcYA1jvbZ9BJGT91wwPy3bTQT8mHTcQNius/EhSQTlT9QUI3Ki1wjHeNXbWK0tO8YQ=="],

    "@smithy/node-config-provider": ["@smithy/node-config-provider@4.2.0", "", { "dependencies": { "@smithy/property-provider": "^4.1.0", "@smithy/shared-ini-file-loader": "^4.1.0", "@smithy/types": "^4.4.0", "tslib": "^2.6.2" } }, "sha512-8/fpilqKurQ+f8nFvoFkJ0lrymoMJ+5/CQV5IcTv/MyKhk2Q/EFYCAgTSWHD4nMi9ux9NyBBynkyE9SLg2uSLA=="],

    "@smithy/node-http-handler": ["@smithy/node-http-handler@4.2.0", "", { "dependencies": { "@smithy/abort-controller": "^4.1.0", "@smithy/protocol-http": "^5.2.0", "@smithy/querystring-builder": "^4.1.0", "@smithy/types": "^4.4.0", "tslib": "^2.6.2" } }, "sha512-G4NV70B4hF9vBrUkkvNfWO6+QR4jYjeO4tc+4XrKCb4nPYj49V9Hu8Ftio7Mb0/0IlFyEOORudHrm+isY29nCA=="],

    "@smithy/property-provider": ["@smithy/property-provider@4.1.0", "", { "dependencies": { "@smithy/types": "^4.4.0", "tslib": "^2.6.2" } }, "sha512-eksMjMHUlG5PwOUWO3k+rfLNOPVPJ70mUzyYNKb5lvyIuAwS4zpWGsxGiuT74DFWonW0xRNy+jgzGauUzX7SyA=="],

    "@smithy/protocol-http": ["@smithy/protocol-http@5.2.0", "", { "dependencies": { "@smithy/types": "^4.4.0", "tslib": "^2.6.2" } }, "sha512-bwjlh5JwdOQnA01be+5UvHK4HQz4iaRKlVG46hHSJuqi0Ribt3K06Z1oQ29i35Np4G9MCDgkOGcHVyLMreMcbg=="],

    "@smithy/querystring-builder": ["@smithy/querystring-builder@4.1.0", "", { "dependencies": { "@smithy/types": "^4.4.0", "@smithy/util-uri-escape": "^4.1.0", "tslib": "^2.6.2" } }, "sha512-JqTWmVIq4AF8R8OK/2cCCiQo5ZJ0SRPsDkDgLO5/3z8xxuUp1oMIBBjfuueEe+11hGTZ6rRebzYikpKc6yQV9Q=="],

    "@smithy/querystring-parser": ["@smithy/querystring-parser@4.1.0", "", { "dependencies": { "@smithy/types": "^4.4.0", "tslib": "^2.6.2" } }, "sha512-VgdHhr8YTRsjOl4hnKFm7xEMOCRTnKw3FJ1nU+dlWNhdt/7eEtxtkdrJdx7PlRTabdANTmvyjE4umUl9cK4awg=="],

    "@smithy/service-error-classification": ["@smithy/service-error-classification@4.1.0", "", { "dependencies": { "@smithy/types": "^4.4.0" } }, "sha512-UBpNFzBNmS20jJomuYn++Y+soF8rOK9AvIGjS9yGP6uRXF5rP18h4FDUsoNpWTlSsmiJ87e2DpZo9ywzSMH7PQ=="],

    "@smithy/shared-ini-file-loader": ["@smithy/shared-ini-file-loader@4.1.0", "", { "dependencies": { "@smithy/types": "^4.4.0", "tslib": "^2.6.2" } }, "sha512-W0VMlz9yGdQ/0ZAgWICFjFHTVU0YSfGoCVpKaExRM/FDkTeP/yz8OKvjtGjs6oFokCRm0srgj/g4Cg0xuHu8Rw=="],

    "@smithy/signature-v4": ["@smithy/signature-v4@5.2.0", "", { "dependencies": { "@smithy/is-array-buffer": "^4.1.0", "@smithy/protocol-http": "^5.2.0", "@smithy/types": "^4.4.0", "@smithy/util-hex-encoding": "^4.1.0", "@smithy/util-middleware": "^4.1.0", "@smithy/util-uri-escape": "^4.1.0", "@smithy/util-utf8": "^4.1.0", "tslib": "^2.6.2" } }, "sha512-ObX1ZqG2DdZQlXx9mLD7yAR8AGb7yXurGm+iWx9x4l1fBZ8CZN2BRT09aSbcXVPZXWGdn5VtMuupjxhOTI2EjA=="],

    "@smithy/smithy-client": ["@smithy/smithy-client@4.6.0", "", { "dependencies": { "@smithy/core": "^3.10.0", "@smithy/middleware-endpoint": "^4.2.0", "@smithy/middleware-stack": "^4.1.0", "@smithy/protocol-http": "^5.2.0", "@smithy/types": "^4.4.0", "@smithy/util-stream": "^4.3.0", "tslib": "^2.6.2" } }, "sha512-TvlIshqx5PIi0I0AiR+PluCpJ8olVG++xbYkAIGCUkByaMUlfOXLgjQTmYbr46k4wuDe8eHiTIlUflnjK2drPQ=="],

    "@smithy/types": ["@smithy/types@4.4.0", "", { "dependencies": { "tslib": "^2.6.2" } }, "sha512-4jY91NgZz+ZnSFcVzWwngOW6VuK3gR/ihTwSU1R/0NENe9Jd8SfWgbhDCAGUWL3bI7DiDSW7XF6Ui6bBBjrqXw=="],

    "@smithy/url-parser": ["@smithy/url-parser@4.1.0", "", { "dependencies": { "@smithy/querystring-parser": "^4.1.0", "@smithy/types": "^4.4.0", "tslib": "^2.6.2" } }, "sha512-/LYEIOuO5B2u++tKr1NxNxhZTrr3A63jW8N73YTwVeUyAlbB/YM+hkftsvtKAcMt3ADYo0FsF1GY3anehffSVQ=="],

    "@smithy/util-base64": ["@smithy/util-base64@4.1.0", "", { "dependencies": { "@smithy/util-buffer-from": "^4.1.0", "@smithy/util-utf8": "^4.1.0", "tslib": "^2.6.2" } }, "sha512-RUGd4wNb8GeW7xk+AY5ghGnIwM96V0l2uzvs/uVHf+tIuVX2WSvynk5CxNoBCsM2rQRSZElAo9rt3G5mJ/gktQ=="],

    "@smithy/util-body-length-browser": ["@smithy/util-body-length-browser@4.1.0", "", { "dependencies": { "tslib": "^2.6.2" } }, "sha512-V2E2Iez+bo6bUMOTENPr6eEmepdY8Hbs+Uc1vkDKgKNA/brTJqOW/ai3JO1BGj9GbCeLqw90pbbH7HFQyFotGQ=="],

    "@smithy/util-body-length-node": ["@smithy/util-body-length-node@4.1.0", "", { "dependencies": { "tslib": "^2.6.2" } }, "sha512-BOI5dYjheZdgR9XiEM3HJcEMCXSoqbzu7CzIgYrx0UtmvtC3tC2iDGpJLsSRFffUpy8ymsg2ARMP5fR8mtuUQQ=="],

    "@smithy/util-buffer-from": ["@smithy/util-buffer-from@4.1.0", "", { "dependencies": { "@smithy/is-array-buffer": "^4.1.0", "tslib": "^2.6.2" } }, "sha512-N6yXcjfe/E+xKEccWEKzK6M+crMrlwaCepKja0pNnlSkm6SjAeLKKA++er5Ba0I17gvKfN/ThV+ZOx/CntKTVw=="],

    "@smithy/util-config-provider": ["@smithy/util-config-provider@4.1.0", "", { "dependencies": { "tslib": "^2.6.2" } }, "sha512-swXz2vMjrP1ZusZWVTB/ai5gK+J8U0BWvP10v9fpcFvg+Xi/87LHvHfst2IgCs1i0v4qFZfGwCmeD/KNCdJZbQ=="],

    "@smithy/util-defaults-mode-browser": ["@smithy/util-defaults-mode-browser@4.1.0", "", { "dependencies": { "@smithy/property-provider": "^4.1.0", "@smithy/smithy-client": "^4.6.0", "@smithy/types": "^4.4.0", "bowser": "^2.11.0", "tslib": "^2.6.2" } }, "sha512-D27cLtJtC4EEeERJXS+JPoogz2tE5zeE3zhWSSu6ER5/wJ5gihUxIzoarDX6K1U27IFTHit5YfHqU4Y9RSGE0w=="],

    "@smithy/util-defaults-mode-node": ["@smithy/util-defaults-mode-node@4.1.0", "", { "dependencies": { "@smithy/config-resolver": "^4.2.0", "@smithy/credential-provider-imds": "^4.1.0", "@smithy/node-config-provider": "^4.2.0", "@smithy/property-provider": "^4.1.0", "@smithy/smithy-client": "^4.6.0", "@smithy/types": "^4.4.0", "tslib": "^2.6.2" } }, "sha512-gnZo3u5dP1o87plKupg39alsbeIY1oFFnCyV2nI/++pL19vTtBLgOyftLEjPjuXmoKn2B2rskX8b7wtC/+3Okg=="],

    "@smithy/util-endpoints": ["@smithy/util-endpoints@3.1.0", "", { "dependencies": { "@smithy/node-config-provider": "^4.2.0", "@smithy/types": "^4.4.0", "tslib": "^2.6.2" } }, "sha512-5LFg48KkunBVGrNs3dnQgLlMXJLVo7k9sdZV5su3rjO3c3DmQ2LwUZI0Zr49p89JWK6sB7KmzyI2fVcDsZkwuw=="],

    "@smithy/util-hex-encoding": ["@smithy/util-hex-encoding@4.1.0", "", { "dependencies": { "tslib": "^2.6.2" } }, "sha512-1LcueNN5GYC4tr8mo14yVYbh/Ur8jHhWOxniZXii+1+ePiIbsLZ5fEI0QQGtbRRP5mOhmooos+rLmVASGGoq5w=="],

    "@smithy/util-middleware": ["@smithy/util-middleware@4.1.0", "", { "dependencies": { "@smithy/types": "^4.4.0", "tslib": "^2.6.2" } }, "sha512-612onNcKyxhP7/YOTKFTb2F6sPYtMRddlT5mZvYf1zduzaGzkYhpYIPxIeeEwBZFjnvEqe53Ijl2cYEfJ9d6/Q=="],

    "@smithy/util-retry": ["@smithy/util-retry@4.1.0", "", { "dependencies": { "@smithy/service-error-classification": "^4.1.0", "@smithy/types": "^4.4.0", "tslib": "^2.6.2" } }, "sha512-5AGoBHb207xAKSVwaUnaER+L55WFY8o2RhlafELZR3mB0J91fpL+Qn+zgRkPzns3kccGaF2vy0HmNVBMWmN6dA=="],

    "@smithy/util-stream": ["@smithy/util-stream@4.3.0", "", { "dependencies": { "@smithy/fetch-http-handler": "^5.2.0", "@smithy/node-http-handler": "^4.2.0", "@smithy/types": "^4.4.0", "@smithy/util-base64": "^4.1.0", "@smithy/util-buffer-from": "^4.1.0", "@smithy/util-hex-encoding": "^4.1.0", "@smithy/util-utf8": "^4.1.0", "tslib": "^2.6.2" } }, "sha512-ZOYS94jksDwvsCJtppHprUhsIscRnCKGr6FXCo3SxgQ31ECbza3wqDBqSy6IsAak+h/oAXb1+UYEBmDdseAjUQ=="],

    "@smithy/util-uri-escape": ["@smithy/util-uri-escape@4.1.0", "", { "dependencies": { "tslib": "^2.6.2" } }, "sha512-b0EFQkq35K5NHUYxU72JuoheM6+pytEVUGlTwiFxWFpmddA+Bpz3LgsPRIpBk8lnPE47yT7AF2Egc3jVnKLuPg=="],

    "@smithy/util-utf8": ["@smithy/util-utf8@4.1.0", "", { "dependencies": { "@smithy/util-buffer-from": "^4.1.0", "tslib": "^2.6.2" } }, "sha512-mEu1/UIXAdNYuBcyEPbjScKi/+MQVXNIuY/7Cm5XLIWe319kDrT5SizBE95jqtmEXoDbGoZxKLCMttdZdqTZKQ=="],

    "@types/bun": ["@types/bun@1.2.21", "", { "dependencies": { "bun-types": "1.2.21" } }, "sha512-NiDnvEqmbfQ6dmZ3EeUO577s4P5bf4HCTXtI6trMc6f6RzirY5IrF3aIookuSpyslFzrnvv2lmEWv5HyC1X79A=="],

    "@types/node": ["@types/node@24.3.1", "", { "dependencies": { "undici-types": "~7.10.0" } }, "sha512-3vXmQDXy+woz+gnrTvuvNrPzekOi+Ds0ReMxw0LzBiK3a+1k0kQn9f2NWk+lgD4rJehFUmYy2gMhJ2ZI+7YP9g=="],

    "@types/nodemailer": ["@types/nodemailer@7.0.1", "", { "dependencies": { "@aws-sdk/client-sesv2": "^3.839.0", "@types/node": "*" } }, "sha512-UfHAghPmGZVzaL8x9y+mKZMWyHC399+iq0MOmya5tIyenWX3lcdSb60vOmp0DocR6gCDTYTozv/ULQnREyyjkg=="],

    "@types/react": ["@types/react@19.1.12", "", { "dependencies": { "csstype": "^3.0.2" } }, "sha512-cMoR+FoAf/Jyq6+Df2/Z41jISvGZZ2eTlnsaJRptmZ76Caldwy1odD4xTr/gNV9VLj0AWgg/nmkevIyUfIIq5w=="],

    "@types/uuid": ["@types/uuid@9.0.8", "", {}, "sha512-jg+97EGIcY9AGHJJRaaPVgetKDsrTgbRjQ5Msgjh/DQKEFl0DtyRr/VCOyD1T2R1MNeWPK/u7JoGhlDZnKBAfA=="],

    "bowser": ["bowser@2.12.1", "", {}, "sha512-z4rE2Gxh7tvshQ4hluIT7XcFrgLIQaw9X3A+kTTRdovCz5PMukm/0QC/BKSYPj3omF5Qfypn9O/c5kgpmvYUCw=="],

    "bun-types": ["bun-types@1.2.21", "", { "dependencies": { "@types/node": "*" }, "peerDependencies": { "@types/react": "^19" } }, "sha512-sa2Tj77Ijc/NTLS0/Odjq/qngmEPZfbfnOERi0KRUYhT9R8M4VBioWVmMWE5GrYbKMc+5lVybXygLdibHaqVqw=="],

    "csstype": ["csstype@3.1.3", "", {}, "sha512-M1uQkMl8rQK/szD0LNhtqxIPLpimGm8sOBwU7lLnCpSbTyY3yeU1Vc7l4KT5zT4s/yOxHH5O7tIuuLOCnLADRw=="],

    "export-to-csv": ["export-to-csv@1.4.0", "", {}, "sha512-6CX17Cu+rC2Fi2CyZ4CkgVG3hLl6BFsdAxfXiZkmDFIDY4mRx2y2spdeH6dqPHI9rP+AsHEfGeKz84Uuw7+Pmg=="],

    "fast-xml-parser": ["fast-xml-parser@5.2.5", "", { "dependencies": { "strnum": "^2.1.0" }, "bin": { "fxparser": "src/cli/cli.js" } }, "sha512-pfX9uG9Ki0yekDHx2SiuRIyFdyAr1kMIMitPvb0YBo8SUfKvia7w7FIyd/l6av85pFYRhZscS75MwMnbvY+hcQ=="],

    "nodemailer": ["nodemailer@7.0.6", "", {}, "sha512-F44uVzgwo49xboqbFgBGkRaiMgtoBrBEWCVincJPK9+S9Adkzt/wXCLKbf7dxucmxfTI5gHGB+bEmdyzN6QKjw=="],

    "strnum": ["strnum@2.1.1", "", {}, "sha512-7ZvoFTiCnGxBtDqJ//Cu6fWtZtc7Y3x+QOirG15wztbdngGSkht27o2pyGWrVy0b4WAy3jbKmnoK6g5VlVNUUw=="],

    "tslib": ["tslib@2.8.1", "", {}, "sha512-oJFu94HQb+KVduSUQL7wnpmqnfmLsOA/nAh6b6EH0wCEoK0/mPeXU6c3wKDV83MkOuHPRHtSXKKU99IBazS/2w=="],

    "typescript": ["typescript@5.9.2", "", { "bin": { "tsc": "bin/tsc", "tsserver": "bin/tsserver" } }, "sha512-CWBzXQrc/qOkhidw1OzBTQuYRbfyxDXJMVJ1XNwUHGROVmuaeiEm3OslpZ1RV96d7SKKjZKrSJu3+t/xlw3R9A=="],

    "undici-types": ["undici-types@7.10.0", "", {}, "sha512-t5Fy/nfn+14LuOc2KNYg75vZqClpAiqscVvMygNnlsHBFpSXdJaYtXMcdNLpl/Qvc3P2cB3s6lOV51nqsFq4ag=="],

    "uuid": ["uuid@9.0.1", "", { "bin": { "uuid": "dist/bin/uuid" } }, "sha512-b+1eJOlsR9K8HJpow9Ok3fiWOWSIcIzXodvv0rQjVoOVNpWMpxf1wZNpt4y9h10odCNrqnYp1OBzRktckBe3sA=="],

    "@aws-crypto/sha256-browser/@smithy/util-utf8": ["@smithy/util-utf8@2.3.0", "", { "dependencies": { "@smithy/util-buffer-from": "^2.2.0", "tslib": "^2.6.2" } }, "sha512-R8Rdn8Hy72KKcebgLiv8jQcQkXoLMOGGv5uI1/k0l+snqkOzQ1R0ChUBCxWMlBsFMekWjq0wRudIweFs7sKT5A=="],

    "@aws-crypto/util/@smithy/util-utf8": ["@smithy/util-utf8@2.3.0", "", { "dependencies": { "@smithy/util-buffer-from": "^2.2.0", "tslib": "^2.6.2" } }, "sha512-R8Rdn8Hy72KKcebgLiv8jQcQkXoLMOGGv5uI1/k0l+snqkOzQ1R0ChUBCxWMlBsFMekWjq0wRudIweFs7sKT5A=="],

    "@aws-crypto/sha256-browser/@smithy/util-utf8/@smithy/util-buffer-from": ["@smithy/util-buffer-from@2.2.0", "", { "dependencies": { "@smithy/is-array-buffer": "^2.2.0", "tslib": "^2.6.2" } }, "sha512-IJdWBbTcMQ6DA0gdNhh/BwrLkDR+ADW5Kr1aZmd4k3DIF6ezMV4R2NIAmT08wQJ3yUK82thHWmC/TnK/wpMMIA=="],

    "@aws-crypto/util/@smithy/util-utf8/@smithy/util-buffer-from": ["@smithy/util-buffer-from@2.2.0", "", { "dependencies": { "@smithy/is-array-buffer": "^2.2.0", "tslib": "^2.6.2" } }, "sha512-IJdWBbTcMQ6DA0gdNhh/BwrLkDR+ADW5Kr1aZmd4k3DIF6ezMV4R2NIAmT08wQJ3yUK82thHWmC/TnK/wpMMIA=="],

    "@aws-crypto/sha256-browser/@smithy/util-utf8/@smithy/util-buffer-from/@smithy/is-array-buffer": ["@smithy/is-array-buffer@2.2.0", "", { "dependencies": { "tslib": "^2.6.2" } }, "sha512-GGP3O9QFD24uGeAXYUjwSTXARoqpZykHadOmA8G5vfJPK0/DC67qa//0qvqrJzL1xc8WQWX7/yc7fwudjPHPhA=="],

    "@aws-crypto/util/@smithy/util-utf8/@smithy/util-buffer-from/@smithy/is-array-buffer": ["@smithy/is-array-buffer@2.2.0", "", { "dependencies": { "tslib": "^2.6.2" } }, "sha512-GGP3O9QFD24uGeAXYUjwSTXARoqpZykHadOmA8G5vfJPK0/DC67qa//0qvqrJzL1xc8WQWX7/yc7fwudjPHPhA=="],
  }
}
